
Microsoft Visual Studio Solution File, Format Version 12.00
# Visual Studio Version 16
VisualStudioVersion = 16.0.32228.343
MinimumVisualStudioVersion = 10.0.40219.1
Project("{FAE04EC0-301F-11D3-BF4B-00C04F79EFBC}") = "ydffhgf", "ydffhgf.csproj", "{0FF6F7A9-2705-4B4E-98C2-2236F0462221}"
EndProject
Global
	GlobalSection(SolutionConfigurationPlatforms) = preSolution
		Debug|Any CPU = Debug|Any CPU
		Release|Any CPU = Release|Any CPU
	EndGlobalSection
	GlobalSection(ProjectConfigurationPlatforms) = postSolution
		{0FF6F7A9-2705-4B4E-98C2-2236F0462221}.Debug|Any CPU.ActiveCfg = Debug|Any CPU
		{0FF6F7A9-2705-4B4E-98C2-2236F0462221}.Debug|Any CPU.Build.0 = Debug|Any CPU
		{0FF6F7A9-2705-4B4E-98C2-2236F0462221}.Release|Any CPU.ActiveCfg = Release|Any CPU
		{0FF6F7A9-2705-4B4E-98C2-2236F0462221}.Release|Any CPU.Build.0 = Release|Any CPU
	EndGlobalSection
	GlobalSection(SolutionProperties) = preSolution
		HideSolutionNode = FALSE
	EndGlobalSection
	GlobalSection(ExtensibilityGlobals) = postSolution
		SolutionGuid = {883D4B28-8700-4169-BFDF-CD95AECB7375}
	EndGlobalSection
EndGlobal
